// !$*UTF8*$!
{
	archiveVersion = 1;
	classes = {
	};
	objectVersion = 55;
	objects = {
		/* Begin PBXProject section */
		ProjectObject = {
			isa = PBXProject;
			attributes = {
				LastUpgradeCheck = 1440;
			};
			buildConfigurationList = BuildConfigList;
			compatibilityVersion = "Xcode 14.0";
			hasScannedForEncodings = 0;
			mainGroup = MainGroup;
			productRefGroup = Products;
			projectDirPath = "";
			projectRoot = "";
			targets = (
				FreeAPS,
				FreeAPSWatch,
				FreeAPSTests,
			);
		};

		/* Build configurations (examples where conflicts were) */

		/* Configuration block 1 */
		BuildConfig_Debug = {
			isa = XCBuildConfiguration;
			buildSettings = {
				CODE_SIGN_STYLE = Automatic;
				CURRENT_PROJECT_VERSION = $APP_BUILD_NUMBER;
				DEVELOPMENT_TEAM = JLAEU4Z36L;
				DEVELOPMENT_ASSET_PATHS = "";
				ENABLE_PREVIEWS = YES;
				FRAMEWORK_SEARCH_PATHS = (
					"$(inherited)",
				);
			};
			name = Debug;
		};

		/* Configuration block 2 (similar location) */
		BuildConfig_Release = {
			isa = XCBuildConfiguration;
			buildSettings = {
				CODE_SIGN_STYLE = Automatic;
				CURRENT_PROJECT_VERSION = $APP_BUILD_NUMBER;
				DEVELOPMENT_TEAM = JLAEU4Z36L;
				DEVELOPMENT_ASSET_PATHS = "";
				ENABLE_PREVIEWS = YES;
				FRAMEWORK_SEARCH_PATHS = (
					"$(inherited)",
				);
			};
			name = Release;
		};

		/* WatchKit extension configuration */
		BuildConfig_Watch_Ext = {
			isa = XCBuildConfiguration;
			buildSettings = {
				CODE_SIGN_ENTITLEMENTS = "FreeAPSWatch WatchKit Extension/FreeAPSWatch WatchKit Extension.entitlements";
				CODE_SIGN_STYLE = Automatic;
				CURRENT_PROJECT_VERSION = $APP_BUILD_NUMBER;
				DEVELOPMENT_TEAM = JLAEU4Z36L;
				GENERATE_INFOPLIST_FILE = YES;
				INFOPLIST_FILE = FreeAPSWatch/Info.plist;
				INFOPLIST_KEY_CFBundleDisplayName = iAPS;
			};
			name = Release;
		};

		/* Tests target buildSettings (example conflicts 5 & 6) */
		BuildConfig_Tests_Debug = {
			isa = XCBuildConfiguration;
			buildSettings = {
				BUNDLE_LOADER = "$(TEST_HOST)";
				CODE_SIGN_STYLE = Automatic;
				DEVELOPMENT_TEAM = JLAEU4Z36L;
				INFOPLIST_FILE = FreeAPSTests/Info.plist;
				IPHONEOS_DEPLOYMENT_TARGET = 16.3;
				LD_RUNPATH_SEARCH_PATHS = (
					"@executable_path/Frameworks",
				);
			};
			name = Debug;
		};

		BuildConfig_Tests_Release = {
			isa = XCBuildConfiguration;
			buildSettings = {
				BUNDLE_LOADER = "$(TEST_HOST)";
				CODE_SIGN_STYLE = Automatic;
				DEVELOPMENT_TEAM = JLAEU4Z36L;
				INFOPLIST_FILE = FreeAPSTests/Info.plist;
				IPHONEOS_DEPLOYMENT_TARGET = 16.3;
				LD_RUNPATH_SEARCH_PATHS = (
					"@executable_path/Frameworks",
				);
			};
			name = Release;
		};

		/* Another block (conflicts 7 & 8) */
		BuildConfig_Other = {
			isa = XCBuildConfiguration;
			buildSettings = {
				CLANG_CXX_LANGUAGE_STANDARD = "gnu++20";
				CODE_SIGN_STYLE = Automatic;
				CURRENT_PROJECT_VERSION = 1;
				DEVELOPMENT_TEAM = JLAEU4Z36L;
				ENABLE_USER_SCRIPT_SANDBOXING = YES;
				GCC_C_LANGUAGE_STANDARD = gnu17;
				GENERATE_INFOPLIST_FILE = YES;
			};
			name = Release;
		};

		/* ... other objects preserved unchanged ... */
	};
	rootObject = ProjectObject;
}
